// !$*UTF8*$!
{
	archiveVersion = 1;
	classes = {
	};
	objectVersion = 46;
	objects = {

/* Begin PBXBuildFile section */
		F9DA45631CC12CC300455B6F /* AppDelegate.swift in Sources */ = {isa = PBXBuildFile; fileRef = F9DA45621CC12CC300455B6F /* AppDelegate.swift */; };
		F9DA45651CC12CC300455B6F /* CitiesViewController.swift in Sources */ = {isa = PBXBuildFile; fileRef = F9DA45641CC12CC300455B6F /* CitiesViewController.swift */; };
		F9DA45671CC12CC300455B6F /* WeatherInfoViewController.swift in Sources */ = {isa = PBXBuildFile; fileRef = F9DA45661CC12CC300455B6F /* WeatherInfoViewController.swift */; };
		F9DA456A1CC12CC300455B6F /* Main.storyboard in Resources */ = {isa = PBXBuildFile; fileRef = F9DA45681CC12CC300455B6F /* Main.storyboard */; };
		F9DA456C1CC12CC300455B6F /* Assets.xcassets in Resources */ = {isa = PBXBuildFile; fileRef = F9DA456B1CC12CC300455B6F /* Assets.xcassets */; };
		F9DA456F1CC12CC300455B6F /* LaunchScreen.storyboard in Resources */ = {isa = PBXBuildFile; fileRef = F9DA456D1CC12CC300455B6F /* LaunchScreen.storyboard */; };
		F9DA45791CC12DDE00455B6F /* Defines.swift in Sources */ = {isa = PBXBuildFile; fileRef = F9DA45761CC12DDE00455B6F /* Defines.swift */; };
		F9DA457A1CC12DDE00455B6F /* WeatherDataProvider.swift in Sources */ = {isa = PBXBuildFile; fileRef = F9DA45771CC12DDE00455B6F /* WeatherDataProvider.swift */; };
		F9DA457B1CC12DDE00455B6F /* WeatherInfo.swift in Sources */ = {isa = PBXBuildFile; fileRef = F9DA45781CC12DDE00455B6F /* WeatherInfo.swift */; };
		F9DA457F1CC194B100455B6F /* JsonParser.swift in Sources */ = {isa = PBXBuildFile; fileRef = F9DA457E1CC194B100455B6F /* JsonParser.swift */; };
/* End PBXBuildFile section */

/* Begin PBXFileReference section */
		F9DA455F1CC12CC300455B6F /* WeatherObserver.app */ = {isa = PBXFileReference; explicitFileType = wrapper.application; includeInIndex = 0; path = WeatherObserver.app; sourceTree = BUILT_PRODUCTS_DIR; };
		F9DA45621CC12CC300455B6F /* AppDelegate.swift */ = {isa = PBXFileReference; lastKnownFileType = sourcecode.swift; path = AppDelegate.swift; sourceTree = "<group>"; };
		F9DA45641CC12CC300455B6F /* CitiesViewController.swift */ = {isa = PBXFileReference; lastKnownFileType = sourcecode.swift; path = CitiesViewController.swift; sourceTree = "<group>"; };
		F9DA45661CC12CC300455B6F /* WeatherInfoViewController.swift */ = {isa = PBXFileReference; lastKnownFileType = sourcecode.swift; path = WeatherInfoViewController.swift; sourceTree = "<group>"; };
		F9DA45691CC12CC300455B6F /* Base */ = {isa = PBXFileReference; lastKnownFileType = file.storyboard; name = Base; path = Base.lproj/Main.storyboard; sourceTree = "<group>"; };
		F9DA456B1CC12CC300455B6F /* Assets.xcassets */ = {isa = PBXFileReference; lastKnownFileType = folder.assetcatalog; path = Assets.xcassets; sourceTree = "<group>"; };
		F9DA456E1CC12CC300455B6F /* Base */ = {isa = PBXFileReference; lastKnownFileType = file.storyboard; name = Base; path = Base.lproj/LaunchScreen.storyboard; sourceTree = "<group>"; };
		F9DA45701CC12CC300455B6F /* Info.plist */ = {isa = PBXFileReference; lastKnownFileType = text.plist.xml; path = Info.plist; sourceTree = "<group>"; };
		F9DA45761CC12DDE00455B6F /* Defines.swift */ = {isa = PBXFileReference; fileEncoding = 4; lastKnownFileType = sourcecode.swift; path = Defines.swift; sourceTree = "<group>"; };
		F9DA45771CC12DDE00455B6F /* WeatherDataProvider.swift */ = {isa = PBXFileReference; fileEncoding = 4; lastKnownFileType = sourcecode.swift; path = WeatherDataProvider.swift; sourceTree = "<group>"; };
		F9DA45781CC12DDE00455B6F /* WeatherInfo.swift */ = {isa = PBXFileReference; fileEncoding = 4; lastKnownFileType = sourcecode.swift; path = WeatherInfo.swift; sourceTree = "<group>"; };
		F9DA457E1CC194B100455B6F /* JsonParser.swift */ = {isa = PBXFileReference; fileEncoding = 4; lastKnownFileType = sourcecode.swift; path = JsonParser.swift; sourceTree = "<group>"; };
/* End PBXFileReference section */

/* Begin PBXFrameworksBuildPhase section */
		F9DA455C1CC12CC300455B6F /* Frameworks */ = {
			isa = PBXFrameworksBuildPhase;
			buildActionMask = 2147483647;
			files = (
			);
			runOnlyForDeploymentPostprocessing = 0;
		};
/* End PBXFrameworksBuildPhase section */

/* Begin PBXGroup section */
		F9DA45561CC12CC300455B6F = {
			isa = PBXGroup;
			children = (
				F9DA45611CC12CC300455B6F /* WeatherObserver */,
				F9DA45601CC12CC300455B6F /* Products */,
			);
			sourceTree = "<group>";
		};
		F9DA45601CC12CC300455B6F /* Products */ = {
			isa = PBXGroup;
			children = (
				F9DA455F1CC12CC300455B6F /* WeatherObserver.app */,
			);
			name = Products;
			sourceTree = "<group>";
		};
		F9DA45611CC12CC300455B6F /* WeatherObserver */ = {
			isa = PBXGroup;
			children = (
				F9DA457D1CC13A0600455B6F /* Assets */,
				F9DA457C1CC130A000455B6F /* Controllers */,
				F9DA45761CC12DDE00455B6F /* Defines.swift */,
				F9DA45771CC12DDE00455B6F /* WeatherDataProvider.swift */,
				F9DA45781CC12DDE00455B6F /* WeatherInfo.swift */,
				F9DA45621CC12CC300455B6F /* AppDelegate.swift */,
				F9DA45701CC12CC300455B6F /* Info.plist */,
				F9DA457E1CC194B100455B6F /* JsonParser.swift */,
			);
			path = WeatherObserver;
			sourceTree = "<group>";
		};
		F9DA457C1CC130A000455B6F /* Controllers */ = {
			isa = PBXGroup;
			children = (
				F9DA45661CC12CC300455B6F /* WeatherInfoViewController.swift */,
				F9DA45641CC12CC300455B6F /* CitiesViewController.swift */,
			);
			name = Controllers;
			sourceTree = "<group>";
		};
		F9DA457D1CC13A0600455B6F /* Assets */ = {
			isa = PBXGroup;
			children = (
				F9DA456D1CC12CC300455B6F /* LaunchScreen.storyboard */,
				F9DA456B1CC12CC300455B6F /* Assets.xcassets */,
				F9DA45681CC12CC300455B6F /* Main.storyboard */,
			);
			name = Assets;
			sourceTree = "<group>";
		};
/* End PBXGroup section */

/* Begin PBXNativeTarget section */
		F9DA455E1CC12CC300455B6F /* WeatherObserver */ = {
			isa = PBXNativeTarget;
			buildConfigurationList = F9DA45731CC12CC300455B6F /* Build configuration list for PBXNativeTarget "WeatherObserver" */;
			buildPhases = (
				F9DA455B1CC12CC300455B6F /* Sources */,
				F9DA455C1CC12CC300455B6F /* Frameworks */,
				F9DA455D1CC12CC300455B6F /* Resources */,
			);
			buildRules = (
			);
			dependencies = (
			);
			name = WeatherObserver;
			productName = WeatherObserver;
			productReference = F9DA455F1CC12CC300455B6F /* WeatherObserver.app */;
			productType = "com.apple.product-type.application";
		};
/* End PBXNativeTarget section */

/* Begin PBXProject section */
		F9DA45571CC12CC300455B6F /* Project object */ = {
			isa = PBXProject;
			attributes = {
				LastSwiftUpdateCheck = 0730;
				LastUpgradeCheck = 0730;
				ORGANIZATIONNAME = "Olga Grineva";
				TargetAttributes = {
					F9DA455E1CC12CC300455B6F = {
						CreatedOnToolsVersion = 7.3;
						DevelopmentTeam = 5KM8CA272X;
					};
				};
			};
			buildConfigurationList = F9DA455A1CC12CC300455B6F /* Build configuration list for PBXProject "WeatherObserver" */;
			compatibilityVersion = "Xcode 3.2";
			developmentRegion = English;
			hasScannedForEncodings = 0;
			knownRegions = (
				en,
				Base,
			);
			mainGroup = F9DA45561CC12CC300455B6F;
			productRefGroup = F9DA45601CC12CC300455B6F /* Products */;
			projectDirPath = "";
			projectRoot = "";
			targets = (
				F9DA455E1CC12CC300455B6F /* WeatherObserver */,
			);
		};
/* End PBXProject section */

/* Begin PBXResourcesBuildPhase section */
		F9DA455D1CC12CC300455B6F /* Resources */ = {
			isa = PBXResourcesBuildPhase;
			buildActionMask = 2147483647;
			files = (
				F9DA456F1CC12CC300455B6F /* LaunchScreen.storyboard in Resources */,
				F9DA456C1CC12CC300455B6F /* Assets.xcassets in Resources */,
				F9DA456A1CC12CC300455B6F /* Main.storyboard in Resources */,
			);
			runOnlyForDeploymentPostprocessing = 0;
		};
/* End PBXResourcesBuildPhase section */

/* Begin PBXSourcesBuildPhase section */
		F9DA455B1CC12CC300455B6F /* Sources */ = {
			isa = PBXSourcesBuildPhase;
			buildActionMask = 2147483647;
			files = (
				F9DA457A1CC12DDE00455B6F /* WeatherDataProvider.swift in Sources */,
				F9DA45671CC12CC300455B6F /* WeatherInfoViewController.swift in Sources */,
				F9DA457B1CC12DDE00455B6F /* WeatherInfo.swift in Sources */,
				F9DA45651CC12CC300455B6F /* CitiesViewController.swift in Sources */,
				F9DA45791CC12DDE00455B6F /* Defines.swift in Sources */,
				F9DA457F1CC194B100455B6F /* JsonParser.swift in Sources */,
				F9DA45631CC12CC300455B6F /* AppDelegate.swift in Sources */,
			);
			runOnlyForDeploymentPostprocessing = 0;
		};
/* End PBXSourcesBuildPhase section */

/* Begin PBXVariantGroup section */
		F9DA45681CC12CC300455B6F /* Main.storyboard */ = {
			isa = PBXVariantGroup;
			children = (
				F9DA45691CC12CC300455B6F /* Base */,
			);
			name = Main.storyboard;
			sourceTree = "<group>";
		};
		F9DA456D1CC12CC300455B6F /* LaunchScreen.storyboard */ = {
			isa = PBXVariantGroup;
			children = (
				F9DA456E1CC12CC300455B6F /* Base */,
			);
			name = LaunchScreen.storyboard;
			sourceTree = "<group>";
		};
/* End PBXVariantGroup section */

/* Begin XCBuildConfiguration section */
		F9DA45711CC12CC300455B6F /* Debug */ = {
			isa = XCBuildConfiguration;
			buildSettings = {
				ALWAYS_SEARCH_USER_PATHS = NO;
				CLANG_ANALYZER_NONNULL = YES;
				CLANG_CXX_LANGUAGE_STANDARD = "gnu++0x";
				CLANG_CXX_LIBRARY = "libc++";
				CLANG_ENABLE_MODULES = YES;
				CLANG_ENABLE_OBJC_ARC = YES;
				CLANG_WARN_BOOL_CONVERSION = YES;
				CLANG_WARN_CONSTANT_CONVERSION = YES;
				CLANG_WARN_DIRECT_OBJC_ISA_USAGE = YES_ERROR;
				CLANG_WARN_EMPTY_BODY = YES;
				CLANG_WARN_ENUM_CONVERSION = YES;
				CLANG_WARN_INT_CONVERSION = YES;
				CLANG_WARN_OBJC_ROOT_CLASS = YES_ERROR;
				CLANG_WARN_UNREACHABLE_CODE = YES;
				CLANG_WARN__DUPLICATE_METHOD_MATCH = YES;
				"CODE_SIGN_IDENTITY[sdk=iphoneos*]" = "iPhone Developer";
				COPY_PHASE_STRIP = NO;
				DEBUG_INFORMATION_FORMAT = dwarf;
				ENABLE_STRICT_OBJC_MSGSEND = YES;
				ENABLE_TESTABILITY = YES;
				GCC_C_LANGUAGE_STANDARD = gnu99;
				GCC_DYNAMIC_NO_PIC = NO;
				GCC_NO_COMMON_BLOCKS = YES;
				GCC_OPTIMIZATION_LEVEL = 0;
				GCC_PREPROCESSOR_DEFINITIONS = (
					"DEBUG=1",
					"$(inherited)",
				);
				GCC_WARN_64_TO_32_BIT_CONVERSION = YES;
				GCC_WARN_ABOUT_RETURN_TYPE = YES_ERROR;
				GCC_WARN_UNDECLARED_SELECTOR = YES;
				GCC_WARN_UNINITIALIZED_AUTOS = YES_AGGRESSIVE;
				GCC_WARN_UNUSED_FUNCTION = YES;
				GCC_WARN_UNUSED_VARIABLE = YES;
				IPHONEOS_DEPLOYMENT_TARGET = 9.3;
				MTL_ENABLE_DEBUG_INFO = YES;
				ONLY_ACTIVE_ARCH = YES;
				SDKROOT = iphoneos;
				SWIFT_OPTIMIZATION_LEVEL = "-Onone";
				TARGETED_DEVICE_FAMILY = "1,2";
			};
			name = Debug;
		};
		F9DA45721CC12CC300455B6F /* Release */ = {
			isa = XCBuildConfiguration;
			buildSettings = {
				ALWAYS_SEARCH_USER_PATHS = NO;
				CLANG_ANALYZER_NONNULL = YES;
				CLANG_CXX_LANGUAGE_STANDARD = "gnu++0x";
				CLANG_CXX_LIBRARY = "libc++";
				CLANG_ENABLE_MODULES = YES;
				CLANG_ENABLE_OBJC_ARC = YES;
				CLANG_WARN_BOOL_CONVERSION = YES;
				CLANG_WARN_CONSTANT_CONVERSION = YES;
				CLANG_WARN_DIRECT_OBJC_ISA_USAGE = YES_ERROR;
				CLANG_WARN_EMPTY_BODY = YES;
				CLANG_WARN_ENUM_CONVERSION = YES;
				CLANG_WARN_INT_CONVERSION = YES;
				CLANG_WARN_OBJC_ROOT_CLASS = YES_ERROR;
				CLANG_WARN_UNREACHABLE_CODE = YES;
				CLANG_WARN__DUPLICATE_METHOD_MATCH = YES;
				"CODE_SIGN_IDENTITY[sdk=iphoneos*]" = "iPhone Developer";
				COPY_PHASE_STRIP = NO;
				DEBUG_INFORMATION_FORMAT = "dwarf-with-dsym";
				ENABLE_NS_ASSERTIONS = NO;
				ENABLE_STRICT_OBJC_MSGSEND = YES;
				GCC_C_LANGUAGE_STANDARD = gnu99;
				GCC_NO_COMMON_BLOCKS = YES;
				GCC_WARN_64_TO_32_BIT_CONVERSION = YES;
				GCC_WARN_ABOUT_RETURN_TYPE = YES_ERROR;
				GCC_WARN_UNDECLARED_SELECTOR = YES;
				GCC_WARN_UNINITIALIZED_AUTOS = YES_AGGRESSIVE;
				GCC_WARN_UNUSED_FUNCTION = YES;
				GCC_WARN_UNUSED_VARIABLE = YES;
				IPHONEOS_DEPLOYMENT_TARGET = 9.3;
				MTL_ENABLE_DEBUG_INFO = NO;
				SDKROOT = iphoneos;
				TARGETED_DEVICE_FAMILY = "1,2";
				VALIDATE_PRODUCT = YES;
			};
			name = Release;
		};
		F9DA45741CC12CC300455B6F /* Debug */ = {
			isa = XCBuildConfiguration;
			buildSettings = {
				ASSETCATALOG_COMPILER_APPICON_NAME = AppIcon;
				INFOPLIST_FILE = WeatherObserver/Info.plist;
				LD_RUNPATH_SEARCH_PATHS = "$(inherited) @executable_path/Frameworks";
				PRODUCT_BUNDLE_IDENTIFIER = Epam.WeatherObserver;
				PRODUCT_NAME = "$(TARGET_NAME)";
			};
			name = Debug;
		};
		F9DA45751CC12CC300455B6F /* Release */ = {
			isa = XCBuildConfiguration;
			buildSettings = {
				ASSETCATALOG_COMPILER_APPICON_NAME = AppIcon;
				INFOPLIST_FILE = WeatherObserver/Info.plist;
				LD_RUNPATH_SEARCH_PATHS = "$(inherited) @executable_path/Frameworks";
				PRODUCT_BUNDLE_IDENTIFIER = Epam.WeatherObserver;
				PRODUCT_NAME = "$(TARGET_NAME)";
			};
			name = Release;
		};
/* End XCBuildConfiguration section */

/* Begin XCConfigurationList section */
		F9DA455A1CC12CC300455B6F /* Build configuration list for PBXProject "WeatherObserver" */ = {
			isa = XCConfigurationList;
			buildConfigurations = (
				F9DA45711CC12CC300455B6F /* Debug */,
				F9DA45721CC12CC300455B6F /* Release */,
			);
			defaultConfigurationIsVisible = 0;
			defaultConfigurationName = Release;
		};
		F9DA45731CC12CC300455B6F /* Build configuration list for PBXNativeTarget "WeatherObserver" */ = {
			isa = XCConfigurationList;
			buildConfigurations = (
				F9DA45741CC12CC300455B6F /* Debug */,
				F9DA45751CC12CC300455B6F /* Release */,
			);
			defaultConfigurationIsVisible = 0;
		};
/* End XCConfigurationList section */
	};
	rootObject = F9DA45571CC12CC300455B6F /* Project object */;
}
